
Microsoft Visual Studio Solution File, Format Version 12.00
# Visual Studio Version 16
VisualStudioVersion = 16.0.32428.217
MinimumVisualStudioVersion = 10.0.40219.1
Project("{FAE04EC0-301F-11D3-BF4B-00C04F79EFBC}") = "SignUp", "SignUp\SignUp.csproj", "{30397D1D-8899-42E5-A467-7A90954A13D9}"
EndProject
Global
	GlobalSection(SolutionConfigurationPlatforms) = preSolution
		Debug|Any CPU = Debug|Any CPU
		Release|Any CPU = Release|Any CPU
	EndGlobalSection
	GlobalSection(ProjectConfigurationPlatforms) = postSolution
		{30397D1D-8899-42E5-A467-7A90954A13D9}.Debug|Any CPU.ActiveCfg = Debug|Any CPU
		{30397D1D-8899-42E5-A467-7A90954A13D9}.Debug|Any CPU.Build.0 = Debug|Any CPU
		{30397D1D-8899-42E5-A467-7A90954A13D9}.Release|Any CPU.ActiveCfg = Release|Any CPU
		{30397D1D-8899-42E5-A467-7A90954A13D9}.Release|Any CPU.Build.0 = Release|Any CPU
	EndGlobalSection
	GlobalSection(SolutionProperties) = preSolution
		HideSolutionNode = FALSE
	EndGlobalSection
	GlobalSection(ExtensibilityGlobals) = postSolution
		SolutionGuid = {673D6BE9-C802-4957-9CE0-F404E09E158C}
	EndGlobalSection
EndGlobal
